# This file is automatically @generated by Cargo.
# It is not intended for manual editing.
[[package]]
name = "arrayvec"
version = "0.5.1"
source = "registry+https://github.com/rust-lang/crates.io-index"
checksum = "cff77d8686867eceff3105329d4698d96c2391c176d5d03adc90c7389162b5b8"

[[package]]
name = "autocfg"
version = "1.0.0"
source = "registry+https://github.com/rust-lang/crates.io-index"
checksum = "f8aac770f1885fd7e387acedd76065302551364496e46b3dd00860b2f8359b9d"

[[package]]
name = "constraints"
version = "0.1.0"
dependencies = [
 "arrayvec",
 "euclid",
 "smol_str",
]

[[package]]
name = "euclid"
version = "0.20.13"
source = "registry+https://github.com/rust-lang/crates.io-index"
checksum = "555d51b9a929edb14183fad621e2d5736fc8760707a24246047288d4c142b6bd"
dependencies = [
 "num-traits",
]

[[package]]
name = "num-traits"
version = "0.2.12"
source = "registry+https://github.com/rust-lang/crates.io-index"
checksum = "ac267bcc07f48ee5f8935ab0d24f316fb722d7a1292e2913f0cc196b29ffd611"
dependencies = [
 "autocfg",
]

[[package]]
name = "smol_str"
version = "0.1.15"
source = "registry+https://github.com/rust-lang/crates.io-index"
checksum = "34836c9a295c62c2ce3514471117c5cb269891e8421b2aafdd910050576c4d8b"
